
Microsoft Visual Studio Solution File, Format Version 12.00
# Visual Studio Version 17
VisualStudioVersion = 17.6.33801.468
MinimumVisualStudioVersion = 10.0.40219.1
Project("{9A19103F-16F7-4668-BE54-9A1E7A4F7556}") = "AvaloniaDialogHelper", "AvaloniaDialogHelper\AvaloniaDialogHelper.csproj", "{67AED385-EC55-4C48-9894-076EFE0E3ACE}"
EndProject
Project("{9A19103F-16F7-4668-BE54-9A1E7A4F7556}") = "AvaloniaDialogHelper.Desktop", "AvaloniaDialogHelper.Desktop\AvaloniaDialogHelper.Desktop.csproj", "{36695809-8B9B-4DBA-BE80-24EF3DFB87F9}"
EndProject
Global
	GlobalSection(SolutionConfigurationPlatforms) = preSolution
		Debug|Any CPU = Debug|Any CPU
		Release|Any CPU = Release|Any CPU
	EndGlobalSection
	GlobalSection(ProjectConfigurationPlatforms) = postSolution
		{67AED385-EC55-4C48-9894-076EFE0E3ACE}.Debug|Any CPU.ActiveCfg = Debug|Any CPU
		{67AED385-EC55-4C48-9894-076EFE0E3ACE}.Debug|Any CPU.Build.0 = Debug|Any CPU
		{67AED385-EC55-4C48-9894-076EFE0E3ACE}.Release|Any CPU.ActiveCfg = Release|Any CPU
		{67AED385-EC55-4C48-9894-076EFE0E3ACE}.Release|Any CPU.Build.0 = Release|Any CPU
		{36695809-8B9B-4DBA-BE80-24EF3DFB87F9}.Debug|Any CPU.ActiveCfg = Debug|Any CPU
		{36695809-8B9B-4DBA-BE80-24EF3DFB87F9}.Debug|Any CPU.Build.0 = Debug|Any CPU
		{36695809-8B9B-4DBA-BE80-24EF3DFB87F9}.Release|Any CPU.ActiveCfg = Release|Any CPU
		{36695809-8B9B-4DBA-BE80-24EF3DFB87F9}.Release|Any CPU.Build.0 = Release|Any CPU
	EndGlobalSection
	GlobalSection(SolutionProperties) = preSolution
		HideSolutionNode = FALSE
	EndGlobalSection
	GlobalSection(ExtensibilityGlobals) = postSolution
		SolutionGuid = {B7A9FBCB-B460-4D94-9D12-56D06AFC0725}
	EndGlobalSection
EndGlobal
